
Microsoft Visual Studio Solution File, Format Version 12.00
# Visual Studio 15
VisualStudioVersion = 15.0.28010.2046
MinimumVisualStudioVersion = 10.0.40219.1
Project("{FAE04EC0-301F-11D3-BF4B-00C04F79EFBC}") = "ThreeNumSum", "ThreeNumSum\ThreeNumSum.csproj", "{63A066C2-A01A-4A13-A938-70A4CAB0F28C}"
EndProject
Project("{FAE04EC0-301F-11D3-BF4B-00C04F79EFBC}") = "ThreeNumSumTests", "ThreeNumSumTests\ThreeNumSumTests.csproj", "{51B2AB1D-66D0-426F-BFA9-A8DF5BBB5EC3}"
EndProject
Global
	GlobalSection(SolutionConfigurationPlatforms) = preSolution
		Debug|Any CPU = Debug|Any CPU
		Release|Any CPU = Release|Any CPU
	EndGlobalSection
	GlobalSection(ProjectConfigurationPlatforms) = postSolution
		{63A066C2-A01A-4A13-A938-70A4CAB0F28C}.Debug|Any CPU.ActiveCfg = Debug|Any CPU
		{63A066C2-A01A-4A13-A938-70A4CAB0F28C}.Debug|Any CPU.Build.0 = Debug|Any CPU
		{63A066C2-A01A-4A13-A938-70A4CAB0F28C}.Release|Any CPU.ActiveCfg = Release|Any CPU
		{63A066C2-A01A-4A13-A938-70A4CAB0F28C}.Release|Any CPU.Build.0 = Release|Any CPU
		{51B2AB1D-66D0-426F-BFA9-A8DF5BBB5EC3}.Debug|Any CPU.ActiveCfg = Debug|Any CPU
		{51B2AB1D-66D0-426F-BFA9-A8DF5BBB5EC3}.Debug|Any CPU.Build.0 = Debug|Any CPU
		{51B2AB1D-66D0-426F-BFA9-A8DF5BBB5EC3}.Release|Any CPU.ActiveCfg = Release|Any CPU
		{51B2AB1D-66D0-426F-BFA9-A8DF5BBB5EC3}.Release|Any CPU.Build.0 = Release|Any CPU
	EndGlobalSection
	GlobalSection(SolutionProperties) = preSolution
		HideSolutionNode = FALSE
	EndGlobalSection
	GlobalSection(ExtensibilityGlobals) = postSolution
		SolutionGuid = {22264F2C-58B7-4F99-BA72-F27BE62BFDA8}
	EndGlobalSection
EndGlobal
